
Microsoft Visual Studio Solution File, Format Version 12.00
# Visual Studio 14
VisualStudioVersion = 14.0.25420.1
MinimumVisualStudioVersion = 10.0.40219.1
Project("{FAE04EC0-301F-11D3-BF4B-00C04F79EFBC}") = "TeduShop.Common", "TeduShop.Common\TeduShop.Common.csproj", "{53F0CF70-E459-4BE2-B8A5-94924E9A292F}"
EndProject
Project("{FAE04EC0-301F-11D3-BF4B-00C04F79EFBC}") = "TeduShop.Data", "TeduShop.Data\TeduShop.Data.csproj", "{C86324BD-F09A-47E0-8116-7FB67F412904}"
EndProject
Project("{FAE04EC0-301F-11D3-BF4B-00C04F79EFBC}") = "TeduShop.Model", "TeduShop.Model\TeduShop.Model.csproj", "{10DF5989-B9D3-4F8A-8FF6-24B98FDF3E86}"
EndProject
Project("{FAE04EC0-301F-11D3-BF4B-00C04F79EFBC}") = "TeduShop.Service", "TeduShop.Service\TeduShop.Service.csproj", "{CE2EA50B-5C47-4780-A01E-71F5C1CE247E}"
EndProject
Project("{FAE04EC0-301F-11D3-BF4B-00C04F79EFBC}") = "TeduShop.UnitTest", "TeduShop.UnitTest\TeduShop.UnitTest.csproj", "{BE7699C4-1F0A-4275-A42F-642801A5A2BE}"
EndProject
Project("{FAE04EC0-301F-11D3-BF4B-00C04F79EFBC}") = "TeduShop.Web", "TeduShop.Web\TeduShop.Web.csproj", "{6A07BCA2-CE30-4D5D-BE84-65E7FDEB2578}"
EndProject
Global
	GlobalSection(SolutionConfigurationPlatforms) = preSolution
		Debug|Any CPU = Debug|Any CPU
		Release|Any CPU = Release|Any CPU
	EndGlobalSection
	GlobalSection(ProjectConfigurationPlatforms) = postSolution
		{53F0CF70-E459-4BE2-B8A5-94924E9A292F}.Debug|Any CPU.ActiveCfg = Debug|Any CPU
		{53F0CF70-E459-4BE2-B8A5-94924E9A292F}.Debug|Any CPU.Build.0 = Debug|Any CPU
		{53F0CF70-E459-4BE2-B8A5-94924E9A292F}.Release|Any CPU.ActiveCfg = Release|Any CPU
		{53F0CF70-E459-4BE2-B8A5-94924E9A292F}.Release|Any CPU.Build.0 = Release|Any CPU
		{C86324BD-F09A-47E0-8116-7FB67F412904}.Debug|Any CPU.ActiveCfg = Debug|Any CPU
		{C86324BD-F09A-47E0-8116-7FB67F412904}.Debug|Any CPU.Build.0 = Debug|Any CPU
		{C86324BD-F09A-47E0-8116-7FB67F412904}.Release|Any CPU.ActiveCfg = Release|Any CPU
		{C86324BD-F09A-47E0-8116-7FB67F412904}.Release|Any CPU.Build.0 = Release|Any CPU
		{10DF5989-B9D3-4F8A-8FF6-24B98FDF3E86}.Debug|Any CPU.ActiveCfg = Debug|Any CPU
		{10DF5989-B9D3-4F8A-8FF6-24B98FDF3E86}.Debug|Any CPU.Build.0 = Debug|Any CPU
		{10DF5989-B9D3-4F8A-8FF6-24B98FDF3E86}.Release|Any CPU.ActiveCfg = Release|Any CPU
		{10DF5989-B9D3-4F8A-8FF6-24B98FDF3E86}.Release|Any CPU.Build.0 = Release|Any CPU
		{CE2EA50B-5C47-4780-A01E-71F5C1CE247E}.Debug|Any CPU.ActiveCfg = Debug|Any CPU
		{CE2EA50B-5C47-4780-A01E-71F5C1CE247E}.Debug|Any CPU.Build.0 = Debug|Any CPU
		{CE2EA50B-5C47-4780-A01E-71F5C1CE247E}.Release|Any CPU.ActiveCfg = Release|Any CPU
		{CE2EA50B-5C47-4780-A01E-71F5C1CE247E}.Release|Any CPU.Build.0 = Release|Any CPU
		{BE7699C4-1F0A-4275-A42F-642801A5A2BE}.Debug|Any CPU.ActiveCfg = Debug|Any CPU
		{BE7699C4-1F0A-4275-A42F-642801A5A2BE}.Debug|Any CPU.Build.0 = Debug|Any CPU
		{BE7699C4-1F0A-4275-A42F-642801A5A2BE}.Release|Any CPU.ActiveCfg = Release|Any CPU
		{BE7699C4-1F0A-4275-A42F-642801A5A2BE}.Release|Any CPU.Build.0 = Release|Any CPU
		{6A07BCA2-CE30-4D5D-BE84-65E7FDEB2578}.Debug|Any CPU.ActiveCfg = Debug|Any CPU
		{6A07BCA2-CE30-4D5D-BE84-65E7FDEB2578}.Debug|Any CPU.Build.0 = Debug|Any CPU
		{6A07BCA2-CE30-4D5D-BE84-65E7FDEB2578}.Release|Any CPU.ActiveCfg = Release|Any CPU
		{6A07BCA2-CE30-4D5D-BE84-65E7FDEB2578}.Release|Any CPU.Build.0 = Release|Any CPU
	EndGlobalSection
	GlobalSection(SolutionProperties) = preSolution
		HideSolutionNode = FALSE
	EndGlobalSection
EndGlobal
